
Microsoft Visual Studio Solution File, Format Version 12.00
# Visual Studio Version 17
VisualStudioVersion = 17.10.35122.118
MinimumVisualStudioVersion = 10.0.40219.1
Project("{FAE04EC0-301F-11D3-BF4B-00C04F79EFBC}") = "SorteoTorneo", "SorteoTorneo\SorteoTorneo.csproj", "{A70DAA2F-2DAA-4A14-B679-CC545F2D8148}"
EndProject
Global
	GlobalSection(SolutionConfigurationPlatforms) = preSolution
		Debug|Any CPU = Debug|Any CPU
		Release|Any CPU = Release|Any CPU
	EndGlobalSection
	GlobalSection(ProjectConfigurationPlatforms) = postSolution
		{A70DAA2F-2DAA-4A14-B679-CC545F2D8148}.Debug|Any CPU.ActiveCfg = Debug|Any CPU
		{A70DAA2F-2DAA-4A14-B679-CC545F2D8148}.Debug|Any CPU.Build.0 = Debug|Any CPU
		{A70DAA2F-2DAA-4A14-B679-CC545F2D8148}.Release|Any CPU.ActiveCfg = Release|Any CPU
		{A70DAA2F-2DAA-4A14-B679-CC545F2D8148}.Release|Any CPU.Build.0 = Release|Any CPU
	EndGlobalSection
	GlobalSection(SolutionProperties) = preSolution
		HideSolutionNode = FALSE
	EndGlobalSection
	GlobalSection(ExtensibilityGlobals) = postSolution
		SolutionGuid = {E8F82141-6EB6-464A-BF3E-B897769EF414}
	EndGlobalSection
EndGlobal
